{
  "name": "id3",
  "version": "1.0.0",
  "lockfileVersion": 1,
  "dependencies": {
    "@types/node": {
      "version": "8.0.20",
      "resolved": "https://registry.npmjs.org/@types/node/-/node-8.0.20.tgz",
      "integrity": "sha512-MnB7YEpmLUyEWRVRhKpRs4swwqITnY8BcVFPoTuCl99SCplI/lLUiU5vcJ/OANDqwkpdIg0pDEM38K22KQT2RA==",
      "dev": true
    },
    "deep-equal": {
      "version": "0.2.1",
      "resolved": "https://registry.npmjs.org/deep-equal/-/deep-equal-0.2.1.tgz",
      "integrity": "sha1-+tenkyJMvww8d4b5LveA5PyMyHg=",
      "dev": true
    },
    "filereader-stream": {
      "version": "0.2.0",
      "resolved": "https://registry.npmjs.org/filereader-stream/-/filereader-stream-0.2.0.tgz",
      "integrity": "sha1-FjdKICcVtkC2Zuz/0HCJk46f8R8=",
      "dev": true
    },
    "iconv-lite": {
      "version": "0.4.18",
      "resolved": "https://registry.npmjs.org/iconv-lite/-/iconv-lite-0.4.18.tgz",
      "integrity": "sha512-sr1ZQph3UwHTR0XftSbK85OvBbxe/abLGzEnPENCQwmHf7sck8Oyu4ob3LgBxWWxRoM+QszeUyl7jbqapu2TqA=="
    },
    "inherits": {
      "version": "1.0.0",
      "resolved": "https://registry.npmjs.org/inherits/-/inherits-1.0.0.tgz",
      "integrity": "sha1-OOGXUoW/H3upyE2hArsSdxMirEg=",
      "dev": true
    },
    "is-stream": {
      "version": "1.1.0",
      "resolved": "https://registry.npmjs.org/is-stream/-/is-stream-1.1.0.tgz",
      "integrity": "sha1-EtSj3U5o4Lec6428hBc66A2RykQ=",
      "dev": true
    },
    "musicmetadata": {
      "version": "2.0.5",
      "resolved": "https://registry.npmjs.org/musicmetadata/-/musicmetadata-2.0.5.tgz",
      "integrity": "sha1-eukQ2Z+67gXyvVQ67xC2++Hze9Q=",
      "dev": true
    },
    "node-id3": {
      "version": "0.0.10",
      "resolved": "https://registry.npmjs.org/node-id3/-/node-id3-0.0.10.tgz",
      "integrity": "sha1-7OI/Z+rAWSnd8PWvEvVCPWd3RbU=",
      "dev": true
    },
    "strtok2": {
      "version": "1.0.4",
      "resolved": "https://registry.npmjs.org/strtok2/-/strtok2-1.0.4.tgz",
      "integrity": "sha1-35/7LnCjM2tGYOJn7wVH5hAnX8E=",
      "dev": true
    },
    "through": {
      "version": "2.3.8",
      "resolved": "https://registry.npmjs.org/through/-/through-2.3.8.tgz",
      "integrity": "sha1-DdTJ/6q8NXlgsbckEV1+Doai4fU=",
      "dev": true
    },
    "typescript": {
      "version": "2.4.2",
      "resolved": "https://registry.npmjs.org/typescript/-/typescript-2.4.2.tgz",
      "integrity": "sha1-+DlfhdRZJ2BnyYiqQYN6j4KHCEQ=",
      "dev": true
    }
  }
}
